{
    "_meta": {
        "hash": {
            "sha256": "b9ccade4c31606f5f4ca2fd13f60a2c8969b815cf9c7b19bdd2b8306213112b8"
        },
        "pipfile-spec": 6,
        "requires": {
            "python_version": "3.10"
        },
        "sources": [
            {
                "name": "pypi",
                "url": "https://pypi.org/simple",
                "verify_ssl": true
            }
        ]
    },
    "default": {
        "datetime": {
            "hashes": [
                "sha256:0abf6c51cb4ba7cee775ca46ccc727f3afdde463be28dbbe8803631fefd4a120",
                "sha256:21ec6331f87a7fcb57bd7c59e8a68bfffe6fcbf5acdbbc7b356d6a9a020191d3"
            ],
            "index": "pypi",
            "version": "==5.5"
        },
        "psycopg": {
            "hashes": [
                "sha256:92d7b78ad82426cdcf1a0440678209faa890c6e1721361c2f8901f0dccd62961",
                "sha256:dca5e5521c859f6606686432ae1c94e8766d29cc91f2ee595378c510cc5b0731"
            ],
            "index": "pypi",
            "version": "==3.1.19"
        },
        "pytz": {
            "hashes": [
                "sha256:2a29735ea9c18baf14b448846bde5a48030ed267578472d8955cd0e7443a9812",
                "sha256:328171f4e3623139da4983451950b28e95ac706e13f3f2630a879749e7a8b319"
            ],
            "version": "==2024.1"
        },
        "setuptools": {
            "hashes": [
                "sha256:54faa7f2e8d2d11bcd2c07bed282eef1046b5c080d1c32add737d7b5817b1ad4",
                "sha256:f211a66637b8fa059bb28183da127d4e86396c991a942b028c6650d4319c3fd0"
            ],
            "markers": "python_version >= '3.8'",
            "version": "==70.0.0"
        },
        "typing-extensions": {
            "hashes": [
                "sha256:04e5ca0351e0f3f85c6853954072df659d0d13fac324d0072316b67d7794700d",
                "sha256:1a7ead55c7e559dd4dee8856e3a88b41225abfe1ce8df57b7c13915fe121ffb8"
            ],
            "markers": "python_version >= '3.8'",
            "version": "==4.12.2"
        },
        "zope.interface": {
            "hashes": [
                "sha256:00b5c3e9744dcdc9e84c24ed6646d5cf0cf66551347b310b3ffd70f056535854",
                "sha256:0e4fa5d34d7973e6b0efa46fe4405090f3b406f64b6290facbb19dcbf642ad6b",
                "sha256:136cacdde1a2c5e5bc3d0b2a1beed733f97e2dad8c2ad3c2e17116f6590a3827",
                "sha256:1730c93a38b5a18d24549bc81613223962a19d457cfda9bdc66e542f475a36f4",
                "sha256:1a62fd6cd518693568e23e02f41816adedfca637f26716837681c90b36af3671",
                "sha256:1c207e6f6dfd5749a26f5a5fd966602d6b824ec00d2df84a7e9a924e8933654e",
                "sha256:2eccd5bef45883802848f821d940367c1d0ad588de71e5cabe3813175444202c",
                "sha256:33ee982237cffaf946db365c3a6ebaa37855d8e3ca5800f6f48890209c1cfefc",
                "sha256:3d136e5b8821073e1a09dde3eb076ea9988e7010c54ffe4d39701adf0c303438",
                "sha256:47654177e675bafdf4e4738ce58cdc5c6d6ee2157ac0a78a3fa460942b9d64a8",
                "sha256:47937cf2e7ed4e0e37f7851c76edeb8543ec9b0eae149b36ecd26176ff1ca874",
                "sha256:4ac46298e0143d91e4644a27a769d1388d5d89e82ee0cf37bf2b0b001b9712a4",
                "sha256:4c0b208a5d6c81434bdfa0f06d9b667e5de15af84d8cae5723c3a33ba6611b82",
                "sha256:551db2fe892fcbefb38f6f81ffa62de11090c8119fd4e66a60f3adff70751ec7",
                "sha256:599f3b07bde2627e163ce484d5497a54a0a8437779362395c6b25e68c6590ede",
                "sha256:5ef8356f16b1a83609f7a992a6e33d792bb5eff2370712c9eaae0d02e1924341",
                "sha256:5fe919027f29b12f7a2562ba0daf3e045cb388f844e022552a5674fcdf5d21f1",
                "sha256:6f0a6be264afb094975b5ef55c911379d6989caa87c4e558814ec4f5125cfa2e",
                "sha256:706efc19f9679a1b425d6fa2b4bc770d976d0984335eaea0869bd32f627591d2",
                "sha256:73f9752cf3596771c7726f7eea5b9e634ad47c6d863043589a1c3bb31325c7eb",
                "sha256:762e616199f6319bb98e7f4f27d254c84c5fb1c25c908c2a9d0f92b92fb27530",
                "sha256:866a0f583be79f0def667a5d2c60b7b4cc68f0c0a470f227e1122691b443c934",
                "sha256:86a94af4a88110ed4bb8961f5ac72edf782958e665d5bfceaab6bf388420a78b",
                "sha256:8e0343a6e06d94f6b6ac52fbc75269b41dd3c57066541a6c76517f69fe67cb43",
                "sha256:97e615eab34bd8477c3f34197a17ce08c648d38467489359cb9eb7394f1083f7",
                "sha256:a96e6d4074db29b152222c34d7eec2e2db2f92638d2b2b2c704f9e8db3ae0edc",
                "sha256:b912750b13d76af8aac45ddf4679535def304b2a48a07989ec736508d0bbfbde",
                "sha256:bc2676312cc3468a25aac001ec727168994ea3b69b48914944a44c6a0b251e79",
                "sha256:cebff2fe5dc82cb22122e4e1225e00a4a506b1a16fafa911142ee124febf2c9e",
                "sha256:d22fce0b0f5715cdac082e35a9e735a1752dc8585f005d045abb1a7c20e197f9",
                "sha256:d3f7e001328bd6466b3414215f66dde3c7c13d8025a9c160a75d7b2687090d15",
                "sha256:d3fe667935e9562407c2511570dca14604a654988a13d8725667e95161d92e9b",
                "sha256:dabb70a6e3d9c22df50e08dc55b14ca2a99da95a2d941954255ac76fd6982bc5",
                "sha256:e2fb8e8158306567a3a9a41670c1ff99d0567d7fc96fa93b7abf8b519a46b250",
                "sha256:e96ac6b3169940a8cd57b4f2b8edcad8f5213b60efcd197d59fbe52f0accd66e",
                "sha256:fbf649bc77510ef2521cf797700b96167bb77838c40780da7ea3edd8b78044d1"
            ],
            "markers": "python_version >= '3.7'",
            "version": "==6.4.post2"
        }
    },
    "develop": {}
}
